<?xml version="1.0" encoding="utf-8"?>
<Project ToolsVersion="16.0" xmlns="http://schemas.microsoft.com/developer/msbuild/2003">
  <ItemGroup>
    <CustomBuild Include="..\..\CMakeFiles\45315ab43841a0c0abed14f444c4d65e\Example6.hdf.rule" />
    <CustomBuild Include="..\..\CMakeFiles\45315ab43841a0c0abed14f444c4d65e\IMCOMP.hdf.rule" />
    <CustomBuild Include="..\..\CMakeFiles\45315ab43841a0c0abed14f444c4d65e\Image_with_Palette.hdf.rule" />
    <CustomBuild Include="..\..\CMakeFiles\45315ab43841a0c0abed14f444c4d65e\LongDataset.hdf.rule" />
    <CustomBuild Include="..\..\CMakeFiles\45315ab43841a0c0abed14f444c4d65e\Roy.nc.rule" />
    <CustomBuild Include="..\..\CMakeFiles\45315ab43841a0c0abed14f444c4d65e\SDSlongname.hdf.rule" />
    <CustomBuild Include="..\..\CMakeFiles\45315ab43841a0c0abed14f444c4d65e\Tables.hdf.rule" />
    <CustomBuild Include="..\..\CMakeFiles\45315ab43841a0c0abed14f444c4d65e\Tables_External_File.rule" />
    <CustomBuild Include="..\..\CMakeFiles\45315ab43841a0c0abed14f444c4d65e\VGlongname.hdf.rule" />
    <CustomBuild Include="..\..\CMakeFiles\45315ab43841a0c0abed14f444c4d65e\ctxtr2r.hdf.rule" />
    <CustomBuild Include="..\..\CMakeFiles\45315ab43841a0c0abed14f444c4d65e\dumpgr-1.out.rule" />
    <CustomBuild Include="..\..\CMakeFiles\45315ab43841a0c0abed14f444c4d65e\dumpgr-10.out.rule" />
    <CustomBuild Include="..\..\CMakeFiles\45315ab43841a0c0abed14f444c4d65e\dumpgr-11.out.rule" />
    <CustomBuild Include="..\..\CMakeFiles\45315ab43841a0c0abed14f444c4d65e\dumpgr-12.out.rule" />
    <CustomBuild Include="..\..\CMakeFiles\45315ab43841a0c0abed14f444c4d65e\dumpgr-13.out.rule" />
    <CustomBuild Include="..\..\CMakeFiles\45315ab43841a0c0abed14f444c4d65e\dumpgr-14.out.rule" />
    <CustomBuild Include="..\..\CMakeFiles\45315ab43841a0c0abed14f444c4d65e\dumpgr-15.out.rule" />
    <CustomBuild Include="..\..\CMakeFiles\45315ab43841a0c0abed14f444c4d65e\dumpgr-16.out.rule" />
    <CustomBuild Include="..\..\CMakeFiles\45315ab43841a0c0abed14f444c4d65e\dumpgr-17.out.rule" />
    <CustomBuild Include="..\..\CMakeFiles\45315ab43841a0c0abed14f444c4d65e\dumpgr-18.out.rule" />
    <CustomBuild Include="..\..\CMakeFiles\45315ab43841a0c0abed14f444c4d65e\dumpgr-19.out.rule" />
    <CustomBuild Include="..\..\CMakeFiles\45315ab43841a0c0abed14f444c4d65e\dumpgr-2.out.rule" />
    <CustomBuild Include="..\..\CMakeFiles\45315ab43841a0c0abed14f444c4d65e\dumpgr-20.out.rule" />
    <CustomBuild Include="..\..\CMakeFiles\45315ab43841a0c0abed14f444c4d65e\dumpgr-3.out.rule" />
    <CustomBuild Include="..\..\CMakeFiles\45315ab43841a0c0abed14f444c4d65e\dumpgr-4.out.rule" />
    <CustomBuild Include="..\..\CMakeFiles\45315ab43841a0c0abed14f444c4d65e\dumpgr-5.out.rule" />
    <CustomBuild Include="..\..\CMakeFiles\45315ab43841a0c0abed14f444c4d65e\dumpgr-6.out.rule" />
    <CustomBuild Include="..\..\CMakeFiles\45315ab43841a0c0abed14f444c4d65e\dumpgr-7.out.rule" />
    <CustomBuild Include="..\..\CMakeFiles\45315ab43841a0c0abed14f444c4d65e\dumpgr-8.out.rule" />
    <CustomBuild Include="..\..\CMakeFiles\45315ab43841a0c0abed14f444c4d65e\dumpgr-9.out.rule" />
    <CustomBuild Include="..\..\CMakeFiles\45315ab43841a0c0abed14f444c4d65e\dumprig-1.out.rule" />
    <CustomBuild Include="..\..\CMakeFiles\45315ab43841a0c0abed14f444c4d65e\dumprig-2.out.rule" />
    <CustomBuild Include="..\..\CMakeFiles\45315ab43841a0c0abed14f444c4d65e\dumprig-3.out.rule" />
    <CustomBuild Include="..\..\CMakeFiles\45315ab43841a0c0abed14f444c4d65e\dumprig-4.out.rule" />
    <CustomBuild Include="..\..\CMakeFiles\45315ab43841a0c0abed14f444c4d65e\dumprig-5.out.rule" />
    <CustomBuild Include="..\..\CMakeFiles\45315ab43841a0c0abed14f444c4d65e\dumprig-6.out.rule" />
    <CustomBuild Include="..\..\CMakeFiles\45315ab43841a0c0abed14f444c4d65e\dumpsds-1.out.rule" />
    <CustomBuild Include="..\..\CMakeFiles\45315ab43841a0c0abed14f444c4d65e\dumpsds-10.out.rule" />
    <CustomBuild Include="..\..\CMakeFiles\45315ab43841a0c0abed14f444c4d65e\dumpsds-11.out.rule" />
    <CustomBuild Include="..\..\CMakeFiles\45315ab43841a0c0abed14f444c4d65e\dumpsds-12.out.rule" />
    <CustomBuild Include="..\..\CMakeFiles\45315ab43841a0c0abed14f444c4d65e\dumpsds-13.out.rule" />
    <CustomBuild Include="..\..\CMakeFiles\45315ab43841a0c0abed14f444c4d65e\dumpsds-14.out.rule" />
    <CustomBuild Include="..\..\CMakeFiles\45315ab43841a0c0abed14f444c4d65e\dumpsds-15.out.rule" />
    <CustomBuild Include="..\..\CMakeFiles\45315ab43841a0c0abed14f444c4d65e\dumpsds-15szip.out.rule" />
    <CustomBuild Include="..\..\CMakeFiles\45315ab43841a0c0abed14f444c4d65e\dumpsds-16.out.rule" />
    <CustomBuild Include="..\..\CMakeFiles\45315ab43841a0c0abed14f444c4d65e\dumpsds-17.out.rule" />
    <CustomBuild Include="..\..\CMakeFiles\45315ab43841a0c0abed14f444c4d65e\dumpsds-18.out.rule" />
    <CustomBuild Include="..\..\CMakeFiles\45315ab43841a0c0abed14f444c4d65e\dumpsds-2.out.rule" />
    <CustomBuild Include="..\..\CMakeFiles\45315ab43841a0c0abed14f444c4d65e\dumpsds-3.out.rule" />
    <CustomBuild Include="..\..\CMakeFiles\45315ab43841a0c0abed14f444c4d65e\dumpsds-4.out.rule" />
    <CustomBuild Include="..\..\CMakeFiles\45315ab43841a0c0abed14f444c4d65e\dumpsds-5.out.rule" />
    <CustomBuild Include="..\..\CMakeFiles\45315ab43841a0c0abed14f444c4d65e\dumpsds-6.out.rule" />
    <CustomBuild Include="..\..\CMakeFiles\45315ab43841a0c0abed14f444c4d65e\dumpsds-7.out.rule" />
    <CustomBuild Include="..\..\CMakeFiles\45315ab43841a0c0abed14f444c4d65e\dumpsds-8.out.rule" />
    <CustomBuild Include="..\..\CMakeFiles\45315ab43841a0c0abed14f444c4d65e\dumpsds-9.out.rule" />
    <CustomBuild Include="..\..\CMakeFiles\45315ab43841a0c0abed14f444c4d65e\dumpvd-1.out.rule" />
    <CustomBuild Include="..\..\CMakeFiles\45315ab43841a0c0abed14f444c4d65e\dumpvd-10.out.rule" />
    <CustomBuild Include="..\..\CMakeFiles\45315ab43841a0c0abed14f444c4d65e\dumpvd-11.out.rule" />
    <CustomBuild Include="..\..\CMakeFiles\45315ab43841a0c0abed14f444c4d65e\dumpvd-12.out.rule" />
    <CustomBuild Include="..\..\CMakeFiles\45315ab43841a0c0abed14f444c4d65e\dumpvd-13.out.rule" />
    <CustomBuild Include="..\..\CMakeFiles\45315ab43841a0c0abed14f444c4d65e\dumpvd-14.out.rule" />
    <CustomBuild Include="..\..\CMakeFiles\45315ab43841a0c0abed14f444c4d65e\dumpvd-2.out.rule" />
    <CustomBuild Include="..\..\CMakeFiles\45315ab43841a0c0abed14f444c4d65e\dumpvd-3.out.rule" />
    <CustomBuild Include="..\..\CMakeFiles\45315ab43841a0c0abed14f444c4d65e\dumpvd-4.out.rule" />
    <CustomBuild Include="..\..\CMakeFiles\45315ab43841a0c0abed14f444c4d65e\dumpvd-5.out.rule" />
    <CustomBuild Include="..\..\CMakeFiles\45315ab43841a0c0abed14f444c4d65e\dumpvd-6.out.rule" />
    <CustomBuild Include="..\..\CMakeFiles\45315ab43841a0c0abed14f444c4d65e\dumpvd-7.out.rule" />
    <CustomBuild Include="..\..\CMakeFiles\45315ab43841a0c0abed14f444c4d65e\dumpvd-8.out.rule" />
    <CustomBuild Include="..\..\CMakeFiles\45315ab43841a0c0abed14f444c4d65e\dumpvd-9.out.rule" />
    <CustomBuild Include="..\..\CMakeFiles\45315ab43841a0c0abed14f444c4d65e\dumpvg-1.out.rule" />
    <CustomBuild Include="..\..\CMakeFiles\45315ab43841a0c0abed14f444c4d65e\dumpvg-10.out.rule" />
    <CustomBuild Include="..\..\CMakeFiles\45315ab43841a0c0abed14f444c4d65e\dumpvg-11.out.rule" />
    <CustomBuild Include="..\..\CMakeFiles\45315ab43841a0c0abed14f444c4d65e\dumpvg-12.out.rule" />
    <CustomBuild Include="..\..\CMakeFiles\45315ab43841a0c0abed14f444c4d65e\dumpvg-13.out.rule" />
    <CustomBuild Include="..\..\CMakeFiles\45315ab43841a0c0abed14f444c4d65e\dumpvg-14.out.rule" />
    <CustomBuild Include="..\..\CMakeFiles\45315ab43841a0c0abed14f444c4d65e\dumpvg-15.out.rule" />
    <CustomBuild Include="..\..\CMakeFiles\45315ab43841a0c0abed14f444c4d65e\dumpvg-16.out.rule" />
    <CustomBuild Include="..\..\CMakeFiles\45315ab43841a0c0abed14f444c4d65e\dumpvg-17.out.rule" />
    <CustomBuild Include="..\..\CMakeFiles\45315ab43841a0c0abed14f444c4d65e\dumpvg-2.out.rule" />
    <CustomBuild Include="..\..\CMakeFiles\45315ab43841a0c0abed14f444c4d65e\dumpvg-3.out.rule" />
    <CustomBuild Include="..\..\CMakeFiles\45315ab43841a0c0abed14f444c4d65e\dumpvg-4.out.rule" />
    <CustomBuild Include="..\..\CMakeFiles\45315ab43841a0c0abed14f444c4d65e\dumpvg-5.out.rule" />
    <CustomBuild Include="..\..\CMakeFiles\45315ab43841a0c0abed14f444c4d65e\dumpvg-6.out.rule" />
    <CustomBuild Include="..\..\CMakeFiles\45315ab43841a0c0abed14f444c4d65e\dumpvg-7.out.rule" />
    <CustomBuild Include="..\..\CMakeFiles\45315ab43841a0c0abed14f444c4d65e\dumpvg-8.out.rule" />
    <CustomBuild Include="..\..\CMakeFiles\45315ab43841a0c0abed14f444c4d65e\dumpvg-9.out.rule" />
    <CustomBuild Include="..\..\CMakeFiles\45315ab43841a0c0abed14f444c4d65e\grtdfi322.hdf.rule" />
    <CustomBuild Include="..\..\CMakeFiles\45315ab43841a0c0abed14f444c4d65e\grtdfui162.hdf.rule" />
    <CustomBuild Include="..\..\CMakeFiles\45315ab43841a0c0abed14f444c4d65e\grtdfui82.hdf.rule" />
    <CustomBuild Include="..\..\CMakeFiles\45315ab43841a0c0abed14f444c4d65e\grtdfui83.hdf.rule" />
    <CustomBuild Include="..\..\CMakeFiles\45315ab43841a0c0abed14f444c4d65e\grtdfui84.hdf.rule" />
    <CustomBuild Include="..\..\CMakeFiles\45315ab43841a0c0abed14f444c4d65e\list-1.out.rule" />
    <CustomBuild Include="..\..\CMakeFiles\45315ab43841a0c0abed14f444c4d65e\list-10.out.rule" />
    <CustomBuild Include="..\..\CMakeFiles\45315ab43841a0c0abed14f444c4d65e\list-2.out.rule" />
    <CustomBuild Include="..\..\CMakeFiles\45315ab43841a0c0abed14f444c4d65e\list-3.out.rule" />
    <CustomBuild Include="..\..\CMakeFiles\45315ab43841a0c0abed14f444c4d65e\list-4.out.rule" />
    <CustomBuild Include="..\..\CMakeFiles\45315ab43841a0c0abed14f444c4d65e\list-5.out.rule" />
    <CustomBuild Include="..\..\CMakeFiles\45315ab43841a0c0abed14f444c4d65e\list-6.out.rule" />
    <CustomBuild Include="..\..\CMakeFiles\45315ab43841a0c0abed14f444c4d65e\list-7.out.rule" />
    <CustomBuild Include="..\..\CMakeFiles\45315ab43841a0c0abed14f444c4d65e\list-8.out.rule" />
    <CustomBuild Include="..\..\CMakeFiles\45315ab43841a0c0abed14f444c4d65e\list-9.out.rule" />
    <CustomBuild Include="..\..\CMakeFiles\45315ab43841a0c0abed14f444c4d65e\sds1_dim1_samename.hdf.rule" />
    <CustomBuild Include="..\..\CMakeFiles\45315ab43841a0c0abed14f444c4d65e\sds2_dim1_samename.hdf.rule" />
    <CustomBuild Include="..\..\CMakeFiles\45315ab43841a0c0abed14f444c4d65e\sds_compressed.hdf.rule" />
    <CustomBuild Include="..\..\CMakeFiles\45315ab43841a0c0abed14f444c4d65e\sds_empty_many.hdf.rule" />
    <CustomBuild Include="..\..\CMakeFiles\45315ab43841a0c0abed14f444c4d65e\star.hdf.rule" />
    <CustomBuild Include="..\..\CMakeFiles\45315ab43841a0c0abed14f444c4d65e\swf32.hdf.rule" />
    <CustomBuild Include="..\..\CMakeFiles\45315ab43841a0c0abed14f444c4d65e\swf32_fileattr.hdf.rule" />
    <CustomBuild Include="..\..\CMakeFiles\45315ab43841a0c0abed14f444c4d65e\swi16.hdf.rule" />
    <CustomBuild Include="..\..\CMakeFiles\45315ab43841a0c0abed14f444c4d65e\swi8.hdf.rule" />
    <CustomBuild Include="..\..\CMakeFiles\45315ab43841a0c0abed14f444c4d65e\tdata.hdf.rule" />
    <CustomBuild Include="..\..\CMakeFiles\45315ab43841a0c0abed14f444c4d65e\tdf24.hdf.rule" />
    <CustomBuild Include="..\..\CMakeFiles\45315ab43841a0c0abed14f444c4d65e\tdfr8f.hdf.rule" />
    <CustomBuild Include="..\..\CMakeFiles\45315ab43841a0c0abed14f444c4d65e\test.hdf.rule" />
    <CustomBuild Include="..\..\CMakeFiles\45315ab43841a0c0abed14f444c4d65e\tvattr.hdf.rule" />
    <CustomBuild Include="..\..\CMakeFiles\45315ab43841a0c0abed14f444c4d65e\tvset.hdf.rule" />
    <CustomBuild Include="..\..\CMakeFiles\45315ab43841a0c0abed14f444c4d65e\vslongname.hdf.rule" />
    <CustomBuild Include="..\..\CMakeFiles\ccbf6369e6e24157ea7d8faa9de12988\dumper_files.rule" />
  </ItemGroup>
  <ItemGroup>
    <None Include=".\CMakeFiles\dumper_files" />
  </ItemGroup>
  <ItemGroup>
    <Filter Include="CMake Rules">
      <UniqueIdentifier>{C306D657-E310-3A7A-8430-9168497403D5}</UniqueIdentifier>
    </Filter>
  </ItemGroup>
</Project>