
Microsoft Visual Studio Solution File, Format Version 12.00
# Visual Studio Version 16
Project("{2150E333-8FDC-42A3-9474-1A3956D46DE8}") = "CMakePredefinedTargets", "CMakePredefinedTargets", "{8CC79EAC-E87C-3D44-9CDA-BC633EBC43D3}"
EndProject
Project("{2150E333-8FDC-42A3-9474-1A3956D46DE8}") = "libraries", "libraries", "{5A521BEE-A8E8-3273-97A7-3FE2250FE651}"
EndProject
Project("{8BC9CEB8-8B4A-11D0-8D11-00A0C91BC942}") = "ALL_BUILD", "ALL_BUILD.vcxproj", "{4141D698-119B-3707-B993-C3FD5331ECE5}"
	ProjectSection(ProjectDependencies) = postProject
		{500420D4-550A-3434-AD06-7A923A86ECC8} = {500420D4-550A-3434-AD06-7A923A86ECC8}
		{6E65EE7B-7EF2-36D0-ADB1-A3B3CCEA163C} = {6E65EE7B-7EF2-36D0-ADB1-A3B3CCEA163C}
		{DB7D501C-C956-3CE4-88C7-3F608089E541} = {DB7D501C-C956-3CE4-88C7-3F608089E541}
		{02FCC7A2-2BFC-3E3D-A5FF-ECA32AB7CBF9} = {02FCC7A2-2BFC-3E3D-A5FF-ECA32AB7CBF9}
	EndProjectSection
EndProject
Project("{8BC9CEB8-8B4A-11D0-8D11-00A0C91BC942}") = "INSTALL", "INSTALL.vcxproj", "{CD685CA6-9BA6-3BDF-91D5-81E0FA4409A6}"
	ProjectSection(ProjectDependencies) = postProject
		{4141D698-119B-3707-B993-C3FD5331ECE5} = {4141D698-119B-3707-B993-C3FD5331ECE5}
		{500420D4-550A-3434-AD06-7A923A86ECC8} = {500420D4-550A-3434-AD06-7A923A86ECC8}
	EndProjectSection
EndProject
Project("{8BC9CEB8-8B4A-11D0-8D11-00A0C91BC942}") = "PACKAGE", "PACKAGE.vcxproj", "{94F10CAB-ABDD-3411-AFCA-BE52AB545371}"
	ProjectSection(ProjectDependencies) = postProject
		{4141D698-119B-3707-B993-C3FD5331ECE5} = {4141D698-119B-3707-B993-C3FD5331ECE5}
		{500420D4-550A-3434-AD06-7A923A86ECC8} = {500420D4-550A-3434-AD06-7A923A86ECC8}
	EndProjectSection
EndProject
Project("{8BC9CEB8-8B4A-11D0-8D11-00A0C91BC942}") = "RUN_TESTS", "RUN_TESTS.vcxproj", "{A2272376-CA95-3C98-A8EA-11C8C3A0D309}"
	ProjectSection(ProjectDependencies) = postProject
		{500420D4-550A-3434-AD06-7A923A86ECC8} = {500420D4-550A-3434-AD06-7A923A86ECC8}
	EndProjectSection
EndProject
Project("{8BC9CEB8-8B4A-11D0-8D11-00A0C91BC942}") = "ZERO_CHECK", "..\..\\ZERO_CHECK.vcxproj", "{500420D4-550A-3434-AD06-7A923A86ECC8}"
	ProjectSection(ProjectDependencies) = postProject
	EndProjectSection
EndProject
Project("{8BC9CEB8-8B4A-11D0-8D11-00A0C91BC942}") = "dumper_files", "dumper_files.vcxproj", "{6E65EE7B-7EF2-36D0-ADB1-A3B3CCEA163C}"
	ProjectSection(ProjectDependencies) = postProject
		{500420D4-550A-3434-AD06-7A923A86ECC8} = {500420D4-550A-3434-AD06-7A923A86ECC8}
	EndProjectSection
EndProject
Project("{8BC9CEB8-8B4A-11D0-8D11-00A0C91BC942}") = "hdf-shared", "..\..\hdf\src\hdf-shared.vcxproj", "{6117D5D9-27A5-3EE4-9C35-6400EE70A48E}"
	ProjectSection(ProjectDependencies) = postProject
		{500420D4-550A-3434-AD06-7A923A86ECC8} = {500420D4-550A-3434-AD06-7A923A86ECC8}
	EndProjectSection
EndProject
Project("{8BC9CEB8-8B4A-11D0-8D11-00A0C91BC942}") = "hdf-static", "..\..\hdf\src\hdf-static.vcxproj", "{28B3D0B4-3708-37D2-96B9-1D2CC1E3E014}"
	ProjectSection(ProjectDependencies) = postProject
		{500420D4-550A-3434-AD06-7A923A86ECC8} = {500420D4-550A-3434-AD06-7A923A86ECC8}
	EndProjectSection
EndProject
Project("{8BC9CEB8-8B4A-11D0-8D11-00A0C91BC942}") = "hdp", "hdp.vcxproj", "{DB7D501C-C956-3CE4-88C7-3F608089E541}"
	ProjectSection(ProjectDependencies) = postProject
		{500420D4-550A-3434-AD06-7A923A86ECC8} = {500420D4-550A-3434-AD06-7A923A86ECC8}
		{28B3D0B4-3708-37D2-96B9-1D2CC1E3E014} = {28B3D0B4-3708-37D2-96B9-1D2CC1E3E014}
		{83314856-DFDD-3D18-92F4-9516D5AE26FD} = {83314856-DFDD-3D18-92F4-9516D5AE26FD}
		{8389B59A-5710-3A19-8A48-4B6EA52312E6} = {8389B59A-5710-3A19-8A48-4B6EA52312E6}
	EndProjectSection
EndProject
Project("{8BC9CEB8-8B4A-11D0-8D11-00A0C91BC942}") = "hdp-shared", "hdp-shared.vcxproj", "{02FCC7A2-2BFC-3E3D-A5FF-ECA32AB7CBF9}"
	ProjectSection(ProjectDependencies) = postProject
		{500420D4-550A-3434-AD06-7A923A86ECC8} = {500420D4-550A-3434-AD06-7A923A86ECC8}
		{6117D5D9-27A5-3EE4-9C35-6400EE70A48E} = {6117D5D9-27A5-3EE4-9C35-6400EE70A48E}
		{BB9814C1-88F3-31BA-A61E-954F2080FD59} = {BB9814C1-88F3-31BA-A61E-954F2080FD59}
		{4A11C7B1-AB18-3C89-8FFB-8BEFA7E792EE} = {4A11C7B1-AB18-3C89-8FFB-8BEFA7E792EE}
	EndProjectSection
EndProject
Project("{8BC9CEB8-8B4A-11D0-8D11-00A0C91BC942}") = "mfhdf-shared", "..\libsrc\mfhdf-shared.vcxproj", "{BB9814C1-88F3-31BA-A61E-954F2080FD59}"
	ProjectSection(ProjectDependencies) = postProject
		{500420D4-550A-3434-AD06-7A923A86ECC8} = {500420D4-550A-3434-AD06-7A923A86ECC8}
		{6117D5D9-27A5-3EE4-9C35-6400EE70A48E} = {6117D5D9-27A5-3EE4-9C35-6400EE70A48E}
		{4A11C7B1-AB18-3C89-8FFB-8BEFA7E792EE} = {4A11C7B1-AB18-3C89-8FFB-8BEFA7E792EE}
	EndProjectSection
EndProject
Project("{8BC9CEB8-8B4A-11D0-8D11-00A0C91BC942}") = "mfhdf-static", "..\libsrc\mfhdf-static.vcxproj", "{83314856-DFDD-3D18-92F4-9516D5AE26FD}"
	ProjectSection(ProjectDependencies) = postProject
		{500420D4-550A-3434-AD06-7A923A86ECC8} = {500420D4-550A-3434-AD06-7A923A86ECC8}
		{28B3D0B4-3708-37D2-96B9-1D2CC1E3E014} = {28B3D0B4-3708-37D2-96B9-1D2CC1E3E014}
		{8389B59A-5710-3A19-8A48-4B6EA52312E6} = {8389B59A-5710-3A19-8A48-4B6EA52312E6}
	EndProjectSection
EndProject
Project("{8BC9CEB8-8B4A-11D0-8D11-00A0C91BC942}") = "xdr-shared", "..\xdr\xdr-shared.vcxproj", "{4A11C7B1-AB18-3C89-8FFB-8BEFA7E792EE}"
	ProjectSection(ProjectDependencies) = postProject
		{500420D4-550A-3434-AD06-7A923A86ECC8} = {500420D4-550A-3434-AD06-7A923A86ECC8}
	EndProjectSection
EndProject
Project("{8BC9CEB8-8B4A-11D0-8D11-00A0C91BC942}") = "xdr-static", "..\xdr\xdr-static.vcxproj", "{8389B59A-5710-3A19-8A48-4B6EA52312E6}"
	ProjectSection(ProjectDependencies) = postProject
		{500420D4-550A-3434-AD06-7A923A86ECC8} = {500420D4-550A-3434-AD06-7A923A86ECC8}
	EndProjectSection
EndProject
Global
	GlobalSection(SolutionConfigurationPlatforms) = preSolution
		Debug|x64 = Debug|x64
		Release|x64 = Release|x64
		MinSizeRel|x64 = MinSizeRel|x64
		RelWithDebInfo|x64 = RelWithDebInfo|x64
	EndGlobalSection
	GlobalSection(ProjectConfigurationPlatforms) = postSolution
		{4141D698-119B-3707-B993-C3FD5331ECE5}.Debug|x64.ActiveCfg = Debug|x64
		{4141D698-119B-3707-B993-C3FD5331ECE5}.Debug|x64.Build.0 = Debug|x64
		{4141D698-119B-3707-B993-C3FD5331ECE5}.Release|x64.ActiveCfg = Release|x64
		{4141D698-119B-3707-B993-C3FD5331ECE5}.Release|x64.Build.0 = Release|x64
		{4141D698-119B-3707-B993-C3FD5331ECE5}.MinSizeRel|x64.ActiveCfg = MinSizeRel|x64
		{4141D698-119B-3707-B993-C3FD5331ECE5}.MinSizeRel|x64.Build.0 = MinSizeRel|x64
		{4141D698-119B-3707-B993-C3FD5331ECE5}.RelWithDebInfo|x64.ActiveCfg = RelWithDebInfo|x64
		{4141D698-119B-3707-B993-C3FD5331ECE5}.RelWithDebInfo|x64.Build.0 = RelWithDebInfo|x64
		{CD685CA6-9BA6-3BDF-91D5-81E0FA4409A6}.Debug|x64.ActiveCfg = Debug|x64
		{CD685CA6-9BA6-3BDF-91D5-81E0FA4409A6}.Release|x64.ActiveCfg = Release|x64
		{CD685CA6-9BA6-3BDF-91D5-81E0FA4409A6}.MinSizeRel|x64.ActiveCfg = MinSizeRel|x64
		{CD685CA6-9BA6-3BDF-91D5-81E0FA4409A6}.RelWithDebInfo|x64.ActiveCfg = RelWithDebInfo|x64
		{94F10CAB-ABDD-3411-AFCA-BE52AB545371}.Debug|x64.ActiveCfg = Debug|x64
		{94F10CAB-ABDD-3411-AFCA-BE52AB545371}.Release|x64.ActiveCfg = Release|x64
		{94F10CAB-ABDD-3411-AFCA-BE52AB545371}.MinSizeRel|x64.ActiveCfg = MinSizeRel|x64
		{94F10CAB-ABDD-3411-AFCA-BE52AB545371}.RelWithDebInfo|x64.ActiveCfg = RelWithDebInfo|x64
		{A2272376-CA95-3C98-A8EA-11C8C3A0D309}.Debug|x64.ActiveCfg = Debug|x64
		{A2272376-CA95-3C98-A8EA-11C8C3A0D309}.Release|x64.ActiveCfg = Release|x64
		{A2272376-CA95-3C98-A8EA-11C8C3A0D309}.MinSizeRel|x64.ActiveCfg = MinSizeRel|x64
		{A2272376-CA95-3C98-A8EA-11C8C3A0D309}.RelWithDebInfo|x64.ActiveCfg = RelWithDebInfo|x64
		{500420D4-550A-3434-AD06-7A923A86ECC8}.Debug|x64.ActiveCfg = Debug|x64
		{500420D4-550A-3434-AD06-7A923A86ECC8}.Debug|x64.Build.0 = Debug|x64
		{500420D4-550A-3434-AD06-7A923A86ECC8}.Release|x64.ActiveCfg = Release|x64
		{500420D4-550A-3434-AD06-7A923A86ECC8}.Release|x64.Build.0 = Release|x64
		{500420D4-550A-3434-AD06-7A923A86ECC8}.MinSizeRel|x64.ActiveCfg = MinSizeRel|x64
		{500420D4-550A-3434-AD06-7A923A86ECC8}.MinSizeRel|x64.Build.0 = MinSizeRel|x64
		{500420D4-550A-3434-AD06-7A923A86ECC8}.RelWithDebInfo|x64.ActiveCfg = RelWithDebInfo|x64
		{500420D4-550A-3434-AD06-7A923A86ECC8}.RelWithDebInfo|x64.Build.0 = RelWithDebInfo|x64
		{6E65EE7B-7EF2-36D0-ADB1-A3B3CCEA163C}.Debug|x64.ActiveCfg = Debug|x64
		{6E65EE7B-7EF2-36D0-ADB1-A3B3CCEA163C}.Debug|x64.Build.0 = Debug|x64
		{6E65EE7B-7EF2-36D0-ADB1-A3B3CCEA163C}.Release|x64.ActiveCfg = Release|x64
		{6E65EE7B-7EF2-36D0-ADB1-A3B3CCEA163C}.Release|x64.Build.0 = Release|x64
		{6E65EE7B-7EF2-36D0-ADB1-A3B3CCEA163C}.MinSizeRel|x64.ActiveCfg = MinSizeRel|x64
		{6E65EE7B-7EF2-36D0-ADB1-A3B3CCEA163C}.MinSizeRel|x64.Build.0 = MinSizeRel|x64
		{6E65EE7B-7EF2-36D0-ADB1-A3B3CCEA163C}.RelWithDebInfo|x64.ActiveCfg = RelWithDebInfo|x64
		{6E65EE7B-7EF2-36D0-ADB1-A3B3CCEA163C}.RelWithDebInfo|x64.Build.0 = RelWithDebInfo|x64
		{6117D5D9-27A5-3EE4-9C35-6400EE70A48E}.Debug|x64.ActiveCfg = Debug|x64
		{6117D5D9-27A5-3EE4-9C35-6400EE70A48E}.Debug|x64.Build.0 = Debug|x64
		{6117D5D9-27A5-3EE4-9C35-6400EE70A48E}.Release|x64.ActiveCfg = Release|x64
		{6117D5D9-27A5-3EE4-9C35-6400EE70A48E}.Release|x64.Build.0 = Release|x64
		{6117D5D9-27A5-3EE4-9C35-6400EE70A48E}.MinSizeRel|x64.ActiveCfg = MinSizeRel|x64
		{6117D5D9-27A5-3EE4-9C35-6400EE70A48E}.MinSizeRel|x64.Build.0 = MinSizeRel|x64
		{6117D5D9-27A5-3EE4-9C35-6400EE70A48E}.RelWithDebInfo|x64.ActiveCfg = RelWithDebInfo|x64
		{6117D5D9-27A5-3EE4-9C35-6400EE70A48E}.RelWithDebInfo|x64.Build.0 = RelWithDebInfo|x64
		{28B3D0B4-3708-37D2-96B9-1D2CC1E3E014}.Debug|x64.ActiveCfg = Debug|x64
		{28B3D0B4-3708-37D2-96B9-1D2CC1E3E014}.Debug|x64.Build.0 = Debug|x64
		{28B3D0B4-3708-37D2-96B9-1D2CC1E3E014}.Release|x64.ActiveCfg = Release|x64
		{28B3D0B4-3708-37D2-96B9-1D2CC1E3E014}.Release|x64.Build.0 = Release|x64
		{28B3D0B4-3708-37D2-96B9-1D2CC1E3E014}.MinSizeRel|x64.ActiveCfg = MinSizeRel|x64
		{28B3D0B4-3708-37D2-96B9-1D2CC1E3E014}.MinSizeRel|x64.Build.0 = MinSizeRel|x64
		{28B3D0B4-3708-37D2-96B9-1D2CC1E3E014}.RelWithDebInfo|x64.ActiveCfg = RelWithDebInfo|x64
		{28B3D0B4-3708-37D2-96B9-1D2CC1E3E014}.RelWithDebInfo|x64.Build.0 = RelWithDebInfo|x64
		{DB7D501C-C956-3CE4-88C7-3F608089E541}.Debug|x64.ActiveCfg = Debug|x64
		{DB7D501C-C956-3CE4-88C7-3F608089E541}.Debug|x64.Build.0 = Debug|x64
		{DB7D501C-C956-3CE4-88C7-3F608089E541}.Release|x64.ActiveCfg = Release|x64
		{DB7D501C-C956-3CE4-88C7-3F608089E541}.Release|x64.Build.0 = Release|x64
		{DB7D501C-C956-3CE4-88C7-3F608089E541}.MinSizeRel|x64.ActiveCfg = MinSizeRel|x64
		{DB7D501C-C956-3CE4-88C7-3F608089E541}.MinSizeRel|x64.Build.0 = MinSizeRel|x64
		{DB7D501C-C956-3CE4-88C7-3F608089E541}.RelWithDebInfo|x64.ActiveCfg = RelWithDebInfo|x64
		{DB7D501C-C956-3CE4-88C7-3F608089E541}.RelWithDebInfo|x64.Build.0 = RelWithDebInfo|x64
		{02FCC7A2-2BFC-3E3D-A5FF-ECA32AB7CBF9}.Debug|x64.ActiveCfg = Debug|x64
		{02FCC7A2-2BFC-3E3D-A5FF-ECA32AB7CBF9}.Debug|x64.Build.0 = Debug|x64
		{02FCC7A2-2BFC-3E3D-A5FF-ECA32AB7CBF9}.Release|x64.ActiveCfg = Release|x64
		{02FCC7A2-2BFC-3E3D-A5FF-ECA32AB7CBF9}.Release|x64.Build.0 = Release|x64
		{02FCC7A2-2BFC-3E3D-A5FF-ECA32AB7CBF9}.MinSizeRel|x64.ActiveCfg = MinSizeRel|x64
		{02FCC7A2-2BFC-3E3D-A5FF-ECA32AB7CBF9}.MinSizeRel|x64.Build.0 = MinSizeRel|x64
		{02FCC7A2-2BFC-3E3D-A5FF-ECA32AB7CBF9}.RelWithDebInfo|x64.ActiveCfg = RelWithDebInfo|x64
		{02FCC7A2-2BFC-3E3D-A5FF-ECA32AB7CBF9}.RelWithDebInfo|x64.Build.0 = RelWithDebInfo|x64
		{BB9814C1-88F3-31BA-A61E-954F2080FD59}.Debug|x64.ActiveCfg = Debug|x64
		{BB9814C1-88F3-31BA-A61E-954F2080FD59}.Debug|x64.Build.0 = Debug|x64
		{BB9814C1-88F3-31BA-A61E-954F2080FD59}.Release|x64.ActiveCfg = Release|x64
		{BB9814C1-88F3-31BA-A61E-954F2080FD59}.Release|x64.Build.0 = Release|x64
		{BB9814C1-88F3-31BA-A61E-954F2080FD59}.MinSizeRel|x64.ActiveCfg = MinSizeRel|x64
		{BB9814C1-88F3-31BA-A61E-954F2080FD59}.MinSizeRel|x64.Build.0 = MinSizeRel|x64
		{BB9814C1-88F3-31BA-A61E-954F2080FD59}.RelWithDebInfo|x64.ActiveCfg = RelWithDebInfo|x64
		{BB9814C1-88F3-31BA-A61E-954F2080FD59}.RelWithDebInfo|x64.Build.0 = RelWithDebInfo|x64
		{83314856-DFDD-3D18-92F4-9516D5AE26FD}.Debug|x64.ActiveCfg = Debug|x64
		{83314856-DFDD-3D18-92F4-9516D5AE26FD}.Debug|x64.Build.0 = Debug|x64
		{83314856-DFDD-3D18-92F4-9516D5AE26FD}.Release|x64.ActiveCfg = Release|x64
		{83314856-DFDD-3D18-92F4-9516D5AE26FD}.Release|x64.Build.0 = Release|x64
		{83314856-DFDD-3D18-92F4-9516D5AE26FD}.MinSizeRel|x64.ActiveCfg = MinSizeRel|x64
		{83314856-DFDD-3D18-92F4-9516D5AE26FD}.MinSizeRel|x64.Build.0 = MinSizeRel|x64
		{83314856-DFDD-3D18-92F4-9516D5AE26FD}.RelWithDebInfo|x64.ActiveCfg = RelWithDebInfo|x64
		{83314856-DFDD-3D18-92F4-9516D5AE26FD}.RelWithDebInfo|x64.Build.0 = RelWithDebInfo|x64
		{4A11C7B1-AB18-3C89-8FFB-8BEFA7E792EE}.Debug|x64.ActiveCfg = Debug|x64
		{4A11C7B1-AB18-3C89-8FFB-8BEFA7E792EE}.Debug|x64.Build.0 = Debug|x64
		{4A11C7B1-AB18-3C89-8FFB-8BEFA7E792EE}.Release|x64.ActiveCfg = Release|x64
		{4A11C7B1-AB18-3C89-8FFB-8BEFA7E792EE}.Release|x64.Build.0 = Release|x64
		{4A11C7B1-AB18-3C89-8FFB-8BEFA7E792EE}.MinSizeRel|x64.ActiveCfg = MinSizeRel|x64
		{4A11C7B1-AB18-3C89-8FFB-8BEFA7E792EE}.MinSizeRel|x64.Build.0 = MinSizeRel|x64
		{4A11C7B1-AB18-3C89-8FFB-8BEFA7E792EE}.RelWithDebInfo|x64.ActiveCfg = RelWithDebInfo|x64
		{4A11C7B1-AB18-3C89-8FFB-8BEFA7E792EE}.RelWithDebInfo|x64.Build.0 = RelWithDebInfo|x64
		{8389B59A-5710-3A19-8A48-4B6EA52312E6}.Debug|x64.ActiveCfg = Debug|x64
		{8389B59A-5710-3A19-8A48-4B6EA52312E6}.Debug|x64.Build.0 = Debug|x64
		{8389B59A-5710-3A19-8A48-4B6EA52312E6}.Release|x64.ActiveCfg = Release|x64
		{8389B59A-5710-3A19-8A48-4B6EA52312E6}.Release|x64.Build.0 = Release|x64
		{8389B59A-5710-3A19-8A48-4B6EA52312E6}.MinSizeRel|x64.ActiveCfg = MinSizeRel|x64
		{8389B59A-5710-3A19-8A48-4B6EA52312E6}.MinSizeRel|x64.Build.0 = MinSizeRel|x64
		{8389B59A-5710-3A19-8A48-4B6EA52312E6}.RelWithDebInfo|x64.ActiveCfg = RelWithDebInfo|x64
		{8389B59A-5710-3A19-8A48-4B6EA52312E6}.RelWithDebInfo|x64.Build.0 = RelWithDebInfo|x64
	EndGlobalSection
	GlobalSection(NestedProjects) = preSolution
		{4141D698-119B-3707-B993-C3FD5331ECE5} = {8CC79EAC-E87C-3D44-9CDA-BC633EBC43D3}
		{CD685CA6-9BA6-3BDF-91D5-81E0FA4409A6} = {8CC79EAC-E87C-3D44-9CDA-BC633EBC43D3}
		{94F10CAB-ABDD-3411-AFCA-BE52AB545371} = {8CC79EAC-E87C-3D44-9CDA-BC633EBC43D3}
		{A2272376-CA95-3C98-A8EA-11C8C3A0D309} = {8CC79EAC-E87C-3D44-9CDA-BC633EBC43D3}
		{500420D4-550A-3434-AD06-7A923A86ECC8} = {8CC79EAC-E87C-3D44-9CDA-BC633EBC43D3}
		{6117D5D9-27A5-3EE4-9C35-6400EE70A48E} = {5A521BEE-A8E8-3273-97A7-3FE2250FE651}
		{28B3D0B4-3708-37D2-96B9-1D2CC1E3E014} = {5A521BEE-A8E8-3273-97A7-3FE2250FE651}
		{BB9814C1-88F3-31BA-A61E-954F2080FD59} = {5A521BEE-A8E8-3273-97A7-3FE2250FE651}
		{83314856-DFDD-3D18-92F4-9516D5AE26FD} = {5A521BEE-A8E8-3273-97A7-3FE2250FE651}
		{4A11C7B1-AB18-3C89-8FFB-8BEFA7E792EE} = {5A521BEE-A8E8-3273-97A7-3FE2250FE651}
		{8389B59A-5710-3A19-8A48-4B6EA52312E6} = {5A521BEE-A8E8-3273-97A7-3FE2250FE651}
	EndGlobalSection
	GlobalSection(ExtensibilityGlobals) = postSolution
		SolutionGuid = {C547004F-5C21-34A8-B7B8-7849F4CDD7B0}
	EndGlobalSection
	GlobalSection(ExtensibilityAddIns) = postSolution
	EndGlobalSection
EndGlobal
